// !$*UTF8*$!
{
	archiveVersion = 1;
	classes = {
	};
	objectVersion = 50;
	objects = {

/* Begin PBXBuildFile section */
		4A83CDBB218B306400C8B0E7 /* OBCameraFramework.framework in Frameworks */ = {isa = PBXBuildFile; fileRef = 4ADFB8AD2175F19A00CEF675 /* OBCameraFramework.framework */; };
		4A83CDBC218B306400C8B0E7 /* OBCameraFramework.framework in Embed Frameworks */ = {isa = PBXBuildFile; fileRef = 4ADFB8AD2175F19A00CEF675 /* OBCameraFramework.framework */; settings = {ATTRIBUTES = (CodeSignOnCopy, RemoveHeadersOnCopy, ); }; };
		4A83CDC0218B347200C8B0E7 /* OBCameraFramework.framework in Frameworks */ = {isa = PBXBuildFile; fileRef = 4AC6099C217892F0008CD12B /* OBCameraFramework.framework */; };
		4A83CDC1218B347200C8B0E7 /* OBCameraFramework.framework in Embed Frameworks */ = {isa = PBXBuildFile; fileRef = 4AC6099C217892F0008CD12B /* OBCameraFramework.framework */; settings = {ATTRIBUTES = (CodeSignOnCopy, RemoveHeadersOnCopy, ); }; };
		4ADFB8862175F06400CEF675 /* AppDelegate.swift in Sources */ = {isa = PBXBuildFile; fileRef = 4ADFB8852175F06400CEF675 /* AppDelegate.swift */; };
		4ADFB8882175F06400CEF675 /* ViewController.swift in Sources */ = {isa = PBXBuildFile; fileRef = 4ADFB8872175F06400CEF675 /* ViewController.swift */; };
		4ADFB88B2175F06400CEF675 /* Main.storyboard in Resources */ = {isa = PBXBuildFile; fileRef = 4ADFB8892175F06400CEF675 /* Main.storyboard */; };
		4ADFB88D2175F06500CEF675 /* Assets.xcassets in Resources */ = {isa = PBXBuildFile; fileRef = 4ADFB88C2175F06500CEF675 /* Assets.xcassets */; };
		4ADFB8902175F06500CEF675 /* LaunchScreen.storyboard in Resources */ = {isa = PBXBuildFile; fileRef = 4ADFB88E2175F06500CEF675 /* LaunchScreen.storyboard */; };
/* End PBXBuildFile section */

/* Begin PBXCopyFilesBuildPhase section */
		4A83CDBD218B306400C8B0E7 /* Embed Frameworks */ = {
			isa = PBXCopyFilesBuildPhase;
			buildActionMask = 2147483647;
			dstPath = "";
			dstSubfolderSpec = 10;
			files = (
				4A83CDBC218B306400C8B0E7 /* OBCameraFramework.framework in Embed Frameworks */,
				4A83CDC1218B347200C8B0E7 /* OBCameraFramework.framework in Embed Frameworks */,
			);
			name = "Embed Frameworks";
			runOnlyForDeploymentPostprocessing = 0;
		};
/* End PBXCopyFilesBuildPhase section */

/* Begin PBXFileReference section */
		4AC6099C217892F0008CD12B /* OBCameraFramework.framework */ = {isa = PBXFileReference; explicitFileType = wrapper.framework; path = OBCameraFramework.framework; sourceTree = BUILT_PRODUCTS_DIR; };
		4ADFB8822175F06400CEF675 /* SampleApplication.app */ = {isa = PBXFileReference; explicitFileType = wrapper.application; includeInIndex = 0; path = SampleApplication.app; sourceTree = BUILT_PRODUCTS_DIR; };
		4ADFB8852175F06400CEF675 /* AppDelegate.swift */ = {isa = PBXFileReference; lastKnownFileType = sourcecode.swift; path = AppDelegate.swift; sourceTree = "<group>"; };
		4ADFB8872175F06400CEF675 /* ViewController.swift */ = {isa = PBXFileReference; lastKnownFileType = sourcecode.swift; path = ViewController.swift; sourceTree = "<group>"; };
		4ADFB88A2175F06400CEF675 /* Base */ = {isa = PBXFileReference; lastKnownFileType = file.storyboard; name = Base; path = Base.lproj/Main.storyboard; sourceTree = "<group>"; };
		4ADFB88C2175F06500CEF675 /* Assets.xcassets */ = {isa = PBXFileReference; lastKnownFileType = folder.assetcatalog; path = Assets.xcassets; sourceTree = "<group>"; };
		4ADFB88F2175F06500CEF675 /* Base */ = {isa = PBXFileReference; lastKnownFileType = file.storyboard; name = Base; path = Base.lproj/LaunchScreen.storyboard; sourceTree = "<group>"; };
		4ADFB8912175F06500CEF675 /* Info.plist */ = {isa = PBXFileReference; lastKnownFileType = text.plist.xml; path = Info.plist; sourceTree = "<group>"; };
		4ADFB8AD2175F19A00CEF675 /* OBCameraFramework.framework */ = {isa = PBXFileReference; lastKnownFileType = wrapper.framework; name = OBCameraFramework.framework; path = "../../../../../Library/Developer/Xcode/DerivedData/OBCameraFrameworkWorkspace-dsruaqqxabvpdpexdhlqibzkwuum/Build/Products/Debug-iphonesimulator/OBCameraFramework.framework"; sourceTree = "<group>"; };
/* End PBXFileReference section */

/* Begin PBXFrameworksBuildPhase section */
		4ADFB87F2175F06400CEF675 /* Frameworks */ = {
			isa = PBXFrameworksBuildPhase;
			buildActionMask = 2147483647;
			files = (
				4A83CDBB218B306400C8B0E7 /* OBCameraFramework.framework in Frameworks */,
				4A83CDC0218B347200C8B0E7 /* OBCameraFramework.framework in Frameworks */,
			);
			runOnlyForDeploymentPostprocessing = 0;
		};
/* End PBXFrameworksBuildPhase section */

/* Begin PBXGroup section */
		4ADFB8792175F06400CEF675 = {
			isa = PBXGroup;
			children = (
				4AC6099C217892F0008CD12B /* OBCameraFramework.framework */,
				4ADFB8842175F06400CEF675 /* SampleApplication */,
				4ADFB8832175F06400CEF675 /* Products */,
			);
			sourceTree = "<group>";
		};
		4ADFB8832175F06400CEF675 /* Products */ = {
			isa = PBXGroup;
			children = (
				4ADFB8822175F06400CEF675 /* SampleApplication.app */,
			);
			name = Products;
			sourceTree = "<group>";
		};
		4ADFB8842175F06400CEF675 /* SampleApplication */ = {
			isa = PBXGroup;
			children = (
				4ADFB8AC2175F18700CEF675 /* Frameworks */,
				4ADFB8852175F06400CEF675 /* AppDelegate.swift */,
				4ADFB8872175F06400CEF675 /* ViewController.swift */,
				4ADFB8892175F06400CEF675 /* Main.storyboard */,
				4ADFB88C2175F06500CEF675 /* Assets.xcassets */,
				4ADFB88E2175F06500CEF675 /* LaunchScreen.storyboard */,
				4ADFB8912175F06500CEF675 /* Info.plist */,
			);
			path = SampleApplication;
			sourceTree = "<group>";
		};
		4ADFB8AC2175F18700CEF675 /* Frameworks */ = {
			isa = PBXGroup;
			children = (
				4ADFB8AD2175F19A00CEF675 /* OBCameraFramework.framework */,
			);
			path = Frameworks;
			sourceTree = "<group>";
		};
/* End PBXGroup section */

/* Begin PBXNativeTarget section */
		4ADFB8812175F06400CEF675 /* SampleApplication */ = {
			isa = PBXNativeTarget;
			buildConfigurationList = 4ADFB8942175F06500CEF675 /* Build configuration list for PBXNativeTarget "SampleApplication" */;
			buildPhases = (
				4ADFB87E2175F06400CEF675 /* Sources */,
				4ADFB87F2175F06400CEF675 /* Frameworks */,
				4ADFB8802175F06400CEF675 /* Resources */,
				4A83CDBD218B306400C8B0E7 /* Embed Frameworks */,
			);
			buildRules = (
			);
			dependencies = (
			);
			name = SampleApplication;
			productName = SampleApplication;
			productReference = 4ADFB8822175F06400CEF675 /* SampleApplication.app */;
			productType = "com.apple.product-type.application";
		};
/* End PBXNativeTarget section */

/* Begin PBXProject section */
		4ADFB87A2175F06400CEF675 /* Project object */ = {
			isa = PBXProject;
			attributes = {
				LastSwiftUpdateCheck = 0940;
				LastUpgradeCheck = 0940;
				ORGANIZATIONNAME = "Osama Bin Bashir";
				TargetAttributes = {
					4ADFB8812175F06400CEF675 = {
						CreatedOnToolsVersion = 9.4;
					};
				};
			};
			buildConfigurationList = 4ADFB87D2175F06400CEF675 /* Build configuration list for PBXProject "SampleApplication" */;
			compatibilityVersion = "Xcode 9.3";
			developmentRegion = en;
			hasScannedForEncodings = 0;
			knownRegions = (
				en,
				Base,
			);
			mainGroup = 4ADFB8792175F06400CEF675;
			productRefGroup = 4ADFB8832175F06400CEF675 /* Products */;
			projectDirPath = "";
			projectRoot = "";
			targets = (
				4ADFB8812175F06400CEF675 /* SampleApplication */,
			);
		};
/* End PBXProject section */

/* Begin PBXResourcesBuildPhase section */
		4ADFB8802175F06400CEF675 /* Resources */ = {
			isa = PBXResourcesBuildPhase;
			buildActionMask = 2147483647;
			files = (
				4ADFB8902175F06500CEF675 /* LaunchScreen.storyboard in Resources */,
				4ADFB88D2175F06500CEF675 /* Assets.xcassets in Resources */,
				4ADFB88B2175F06400CEF675 /* Main.storyboard in Resources */,
			);
			runOnlyForDeploymentPostprocessing = 0;
		};
/* End PBXResourcesBuildPhase section */

/* Begin PBXSourcesBuildPhase section */
		4ADFB87E2175F06400CEF675 /* Sources */ = {
			isa = PBXSourcesBuildPhase;
			buildActionMask = 2147483647;
			files = (
				4ADFB8882175F06400CEF675 /* ViewController.swift in Sources */,
				4ADFB8862175F06400CEF675 /* AppDelegate.swift in Sources */,
			);
			runOnlyForDeploymentPostprocessing = 0;
		};
/* End PBXSourcesBuildPhase section */

/* Begin PBXVariantGroup section */
		4ADFB8892175F06400CEF675 /* Main.storyboard */ = {
			isa = PBXVariantGroup;
			children = (
				4ADFB88A2175F06400CEF675 /* Base */,
			);
			name = Main.storyboard;
			sourceTree = "<group>";
		};
		4ADFB88E2175F06500CEF675 /* LaunchScreen.storyboard */ = {
			isa = PBXVariantGroup;
			children = (
				4ADFB88F2175F06500CEF675 /* Base */,
			);
			name = LaunchScreen.storyboard;
			sourceTree = "<group>";
		};
/* End PBXVariantGroup section */

/* Begin XCBuildConfiguration section */
		4ADFB8922175F06500CEF675 /* Debug */ = {
			isa = XCBuildConfiguration;
			buildSettings = {
				ALWAYS_SEARCH_USER_PATHS = NO;
				CLANG_ANALYZER_NONNULL = YES;
				CLANG_ANALYZER_NUMBER_OBJECT_CONVERSION = YES_AGGRESSIVE;
				CLANG_CXX_LANGUAGE_STANDARD = "gnu++14";
				CLANG_CXX_LIBRARY = "libc++";
				CLANG_ENABLE_MODULES = YES;
				CLANG_ENABLE_OBJC_ARC = YES;
				CLANG_ENABLE_OBJC_WEAK = YES;
				CLANG_WARN_BLOCK_CAPTURE_AUTORELEASING = YES;
				CLANG_WARN_BOOL_CONVERSION = YES;
				CLANG_WARN_COMMA = YES;
				CLANG_WARN_CONSTANT_CONVERSION = YES;
				CLANG_WARN_DEPRECATED_OBJC_IMPLEMENTATIONS = YES;
				CLANG_WARN_DIRECT_OBJC_ISA_USAGE = YES_ERROR;
				CLANG_WARN_DOCUMENTATION_COMMENTS = YES;
				CLANG_WARN_EMPTY_BODY = YES;
				CLANG_WARN_ENUM_CONVERSION = YES;
				CLANG_WARN_INFINITE_RECURSION = YES;
				CLANG_WARN_INT_CONVERSION = YES;
				CLANG_WARN_NON_LITERAL_NULL_CONVERSION = YES;
				CLANG_WARN_OBJC_IMPLICIT_RETAIN_SELF = YES;
				CLANG_WARN_OBJC_LITERAL_CONVERSION = YES;
				CLANG_WARN_OBJC_ROOT_CLASS = YES_ERROR;
				CLANG_WARN_RANGE_LOOP_ANALYSIS = YES;
				CLANG_WARN_STRICT_PROTOTYPES = YES;
				CLANG_WARN_SUSPICIOUS_MOVE = YES;
				CLANG_WARN_UNGUARDED_AVAILABILITY = YES_AGGRESSIVE;
				CLANG_WARN_UNREACHABLE_CODE = YES;
				CLANG_WARN__DUPLICATE_METHOD_MATCH = YES;
				CODE_SIGN_IDENTITY = "iPhone Developer";
				COPY_PHASE_STRIP = NO;
				DEBUG_INFORMATION_FORMAT = dwarf;
				ENABLE_STRICT_OBJC_MSGSEND = YES;
				ENABLE_TESTABILITY = YES;
				GCC_C_LANGUAGE_STANDARD = gnu11;
				GCC_DYNAMIC_NO_PIC = NO;
				GCC_NO_COMMON_BLOCKS = YES;
				GCC_OPTIMIZATION_LEVEL = 0;
				GCC_PREPROCESSOR_DEFINITIONS = (
					"DEBUG=1",
					"$(inherited)",
				);
				GCC_WARN_64_TO_32_BIT_CONVERSION = YES;
				GCC_WARN_ABOUT_RETURN_TYPE = YES_ERROR;
				GCC_WARN_UNDECLARED_SELECTOR = YES;
				GCC_WARN_UNINITIALIZED_AUTOS = YES_AGGRESSIVE;
				GCC_WARN_UNUSED_FUNCTION = YES;
				GCC_WARN_UNUSED_VARIABLE = YES;
				IPHONEOS_DEPLOYMENT_TARGET = 11.4;
				MTL_ENABLE_DEBUG_INFO = YES;
				ONLY_ACTIVE_ARCH = YES;
				SDKROOT = iphoneos;
				SWIFT_ACTIVE_COMPILATION_CONDITIONS = DEBUG;
				SWIFT_OPTIMIZATION_LEVEL = "-Onone";
			};
			name = Debug;
		};
		4ADFB8932175F06500CEF675 /* Release */ = {
			isa = XCBuildConfiguration;
			buildSettings = {
				ALWAYS_SEARCH_USER_PATHS = NO;
				CLANG_ANALYZER_NONNULL = YES;
				CLANG_ANALYZER_NUMBER_OBJECT_CONVERSION = YES_AGGRESSIVE;
				CLANG_CXX_LANGUAGE_STANDARD = "gnu++14";
				CLANG_CXX_LIBRARY = "libc++";
				CLANG_ENABLE_MODULES = YES;
				CLANG_ENABLE_OBJC_ARC = YES;
				CLANG_ENABLE_OBJC_WEAK = YES;
				CLANG_WARN_BLOCK_CAPTURE_AUTORELEASING = YES;
				CLANG_WARN_BOOL_CONVERSION = YES;
				CLANG_WARN_COMMA = YES;
				CLANG_WARN_CONSTANT_CONVERSION = YES;
				CLANG_WARN_DEPRECATED_OBJC_IMPLEMENTATIONS = YES;
				CLANG_WARN_DIRECT_OBJC_ISA_USAGE = YES_ERROR;
				CLANG_WARN_DOCUMENTATION_COMMENTS = YES;
				CLANG_WARN_EMPTY_BODY = YES;
				CLANG_WARN_ENUM_CONVERSION = YES;
				CLANG_WARN_INFINITE_RECURSION = YES;
				CLANG_WARN_INT_CONVERSION = YES;
				CLANG_WARN_NON_LITERAL_NULL_CONVERSION = YES;
				CLANG_WARN_OBJC_IMPLICIT_RETAIN_SELF = YES;
				CLANG_WARN_OBJC_LITERAL_CONVERSION = YES;
				CLANG_WARN_OBJC_ROOT_CLASS = YES_ERROR;
				CLANG_WARN_RANGE_LOOP_ANALYSIS = YES;
				CLANG_WARN_STRICT_PROTOTYPES = YES;
				CLANG_WARN_SUSPICIOUS_MOVE = YES;
				CLANG_WARN_UNGUARDED_AVAILABILITY = YES_AGGRESSIVE;
				CLANG_WARN_UNREACHABLE_CODE = YES;
				CLANG_WARN__DUPLICATE_METHOD_MATCH = YES;
				CODE_SIGN_IDENTITY = "iPhone Developer";
				COPY_PHASE_STRIP = NO;
				DEBUG_INFORMATION_FORMAT = "dwarf-with-dsym";
				ENABLE_NS_ASSERTIONS = NO;
				ENABLE_STRICT_OBJC_MSGSEND = YES;
				GCC_C_LANGUAGE_STANDARD = gnu11;
				GCC_NO_COMMON_BLOCKS = YES;
				GCC_WARN_64_TO_32_BIT_CONVERSION = YES;
				GCC_WARN_ABOUT_RETURN_TYPE = YES_ERROR;
				GCC_WARN_UNDECLARED_SELECTOR = YES;
				GCC_WARN_UNINITIALIZED_AUTOS = YES_AGGRESSIVE;
				GCC_WARN_UNUSED_FUNCTION = YES;
				GCC_WARN_UNUSED_VARIABLE = YES;
				IPHONEOS_DEPLOYMENT_TARGET = 11.4;
				MTL_ENABLE_DEBUG_INFO = NO;
				SDKROOT = iphoneos;
				SWIFT_COMPILATION_MODE = wholemodule;
				SWIFT_OPTIMIZATION_LEVEL = "-O";
				VALIDATE_PRODUCT = YES;
			};
			name = Release;
		};
		4ADFB8952175F06500CEF675 /* Debug */ = {
			isa = XCBuildConfiguration;
			buildSettings = {
				ASSETCATALOG_COMPILER_APPICON_NAME = AppIcon;
				CODE_SIGN_STYLE = Automatic;
				DEVELOPMENT_TEAM = ALBYMQU2NH;
				INFOPLIST_FILE = SampleApplication/Info.plist;
				IPHONEOS_DEPLOYMENT_TARGET = 11.0;
				LD_RUNPATH_SEARCH_PATHS = (
					"$(inherited)",
					"@executable_path/Frameworks",
				);
				PRODUCT_BUNDLE_IDENTIFIER = osama.SampleApplication;
				PRODUCT_NAME = "$(TARGET_NAME)";
				SWIFT_VERSION = 4.0;
				TARGETED_DEVICE_FAMILY = "1,2";
			};
			name = Debug;
		};
		4ADFB8962175F06500CEF675 /* Release */ = {
			isa = XCBuildConfiguration;
			buildSettings = {
				ASSETCATALOG_COMPILER_APPICON_NAME = AppIcon;
				CODE_SIGN_STYLE = Automatic;
				DEVELOPMENT_TEAM = ALBYMQU2NH;
				INFOPLIST_FILE = SampleApplication/Info.plist;
				IPHONEOS_DEPLOYMENT_TARGET = 11.0;
				LD_RUNPATH_SEARCH_PATHS = (
					"$(inherited)",
					"@executable_path/Frameworks",
				);
				PRODUCT_BUNDLE_IDENTIFIER = osama.SampleApplication;
				PRODUCT_NAME = "$(TARGET_NAME)";
				SWIFT_VERSION = 4.0;
				TARGETED_DEVICE_FAMILY = "1,2";
			};
			name = Release;
		};
/* End XCBuildConfiguration section */

/* Begin XCConfigurationList section */
		4ADFB87D2175F06400CEF675 /* Build configuration list for PBXProject "SampleApplication" */ = {
			isa = XCConfigurationList;
			buildConfigurations = (
				4ADFB8922175F06500CEF675 /* Debug */,
				4ADFB8932175F06500CEF675 /* Release */,
			);
			defaultConfigurationIsVisible = 0;
			defaultConfigurationName = Release;
		};
		4ADFB8942175F06500CEF675 /* Build configuration list for PBXNativeTarget "SampleApplication" */ = {
			isa = XCConfigurationList;
			buildConfigurations = (
				4ADFB8952175F06500CEF675 /* Debug */,
				4ADFB8962175F06500CEF675 /* Release */,
			);
			defaultConfigurationIsVisible = 0;
			defaultConfigurationName = Release;
		};
/* End XCConfigurationList section */
	};
	rootObject = 4ADFB87A2175F06400CEF675 /* Project object */;
}
